
Microsoft Visual Studio Solution File, Format Version 12.00
# Visual Studio Version 16
VisualStudioVersion = 16.0.32929.386
MinimumVisualStudioVersion = 10.0.40219.1
Project("{FAE04EC0-301F-11D3-BF4B-00C04F79EFBC}") = "harper_gui_winforms", "harper_gui_winforms.csproj", "{E128B2DF-8C7F-4134-97C6-D70ADA520F09}"
EndProject
Global
	GlobalSection(SolutionConfigurationPlatforms) = preSolution
		Debug|Any CPU = Debug|Any CPU
		Release|Any CPU = Release|Any CPU
	EndGlobalSection
	GlobalSection(ProjectConfigurationPlatforms) = postSolution
		{E128B2DF-8C7F-4134-97C6-D70ADA520F09}.Debug|Any CPU.ActiveCfg = Debug|Any CPU
		{E128B2DF-8C7F-4134-97C6-D70ADA520F09}.Debug|Any CPU.Build.0 = Debug|Any CPU
		{E128B2DF-8C7F-4134-97C6-D70ADA520F09}.Release|Any CPU.ActiveCfg = Release|Any CPU
		{E128B2DF-8C7F-4134-97C6-D70ADA520F09}.Release|Any CPU.Build.0 = Release|Any CPU
	EndGlobalSection
	GlobalSection(SolutionProperties) = preSolution
		HideSolutionNode = FALSE
	EndGlobalSection
	GlobalSection(ExtensibilityGlobals) = postSolution
		SolutionGuid = {CAC65144-864D-4FFE-836A-259C93D75198}
	EndGlobalSection
EndGlobal
